{
  "name": "e2e",
  "version": "0.0.0-dev",
  "lockfileVersion": 3,
  "requires": true,
  "packages": {
    "": {
      "name": "e2e",
      "version": "0.0.0-dev",
      "license": "MIT",
      "devDependencies": {
        "@lvce-editor/test-with-playwright": "^11.0.0"
      }
    },
    "node_modules/@lvce-editor/constants": {
      "version": "1.35.0",
      "resolved": "https://registry.npmjs.org/@lvce-editor/constants/-/constants-1.35.0.tgz",
      "integrity": "sha512-k7yulMgbOOuN0hzoxkUe3/aLMtoTRB5O1o7dyAh3/eUMsGPX+yuwuLITbzrC63xHeCHJhyK1p/PtXSyIBFyUqg==",
      "dev": true,
      "license": "MIT"
    },
    "node_modules/@lvce-editor/test-with-playwright": {
      "version": "11.0.0",
      "resolved": "https://registry.npmjs.org/@lvce-editor/test-with-playwright/-/test-with-playwright-11.0.0.tgz",
      "integrity": "sha512-8BlXQXefZbNVjpQlgS0wbheCIxYEOsZXPHYi/CEz4HoB+kjRDnfDIe/rxBx/ekbPx4qvGUgsWofcagNy2b6qkA==",
      "dev": true,
      "license": "MIT",
      "dependencies": {
        "@lvce-editor/test-with-playwright-worker": "11.0.0",
        "@lvce-editor/test-worker": "^10.0.0"
      },
      "bin": {
        "test-with-playwright": "bin/test-with-playwright.js"
      },
      "engines": {
        "node": ">=22"
      }
    },
    "node_modules/@lvce-editor/test-with-playwright-worker": {
      "version": "11.0.0",
      "resolved": "https://registry.npmjs.org/@lvce-editor/test-with-playwright-worker/-/test-with-playwright-worker-11.0.0.tgz",
      "integrity": "sha512-XzW0ASNzvCbmb91GNDhe7gag/DGTjhUwwwU3EcIxV/QmCTM8t4l0xK6X9BER4whoIbq0JROSgk7rT7jErao5Jg==",
      "dev": true,
      "license": "MIT",
      "dependencies": {
        "@playwright/test": "1.56.1"
      },
      "engines": {
        "node": ">=22"
      }
    },
    "node_modules/@lvce-editor/test-worker": {
      "version": "10.5.0",
      "resolved": "https://registry.npmjs.org/@lvce-editor/test-worker/-/test-worker-10.5.0.tgz",
      "integrity": "sha512-zdXNIEGgOAk6ud5XDAZYSCpLyWE5Xik8uYWcNfyXeuwdvvGTm7xMt3pSaPVlrfnhgOAh/WhiM1MLyB5UjAHW5Q==",
      "dev": true,
      "license": "MIT",
      "dependencies": {
        "@lvce-editor/constants": "^1.34.0"
      }
    },
    "node_modules/@playwright/test": {
      "version": "1.56.1",
      "resolved": "https://registry.npmjs.org/@playwright/test/-/test-1.56.1.tgz",
      "integrity": "sha512-vSMYtL/zOcFpvJCW71Q/OEGQb7KYBPAdKh35WNSkaZA75JlAO8ED8UN6GUNTm3drWomcbcqRPFqQbLae8yBTdg==",
      "dev": true,
      "license": "Apache-2.0",
      "dependencies": {
        "playwright": "1.56.1"
      },
      "bin": {
        "playwright": "cli.js"
      },
      "engines": {
        "node": ">=18"
      }
    },
    "node_modules/fsevents": {
      "version": "2.3.2",
      "resolved": "https://registry.npmjs.org/fsevents/-/fsevents-2.3.2.tgz",
      "integrity": "sha512-xiqMQR4xAeHTuB9uWm+fFRcIOgKBMiOBP+eXiyT7jsgVCq1bkVygt00oASowB7EdtpOHaaPgKt812P9ab+DDKA==",
      "dev": true,
      "hasInstallScript": true,
      "license": "MIT",
      "optional": true,
      "os": [
        "darwin"
      ],
      "engines": {
        "node": "^8.16.0 || ^10.6.0 || >=11.0.0"
      }
    },
    "node_modules/playwright": {
      "version": "1.56.1",
      "resolved": "https://registry.npmjs.org/playwright/-/playwright-1.56.1.tgz",
      "integrity": "sha512-aFi5B0WovBHTEvpM3DzXTUaeN6eN0qWnTkKx4NQaH4Wvcmc153PdaY2UBdSYKaGYw+UyWXSVyxDUg5DoPEttjw==",
      "dev": true,
      "license": "Apache-2.0",
      "dependencies": {
        "playwright-core": "1.56.1"
      },
      "bin": {
        "playwright": "cli.js"
      },
      "engines": {
        "node": ">=18"
      },
      "optionalDependencies": {
        "fsevents": "2.3.2"
      }
    },
    "node_modules/playwright-core": {
      "version": "1.56.1",
      "resolved": "https://registry.npmjs.org/playwright-core/-/playwright-core-1.56.1.tgz",
      "integrity": "sha512-hutraynyn31F+Bifme+Ps9Vq59hKuUCz7H1kDOcBs+2oGguKkWTU50bBWrtz34OUWmIwpBTWDxaRPXrIXkgvmQ==",
      "dev": true,
      "license": "Apache-2.0",
      "bin": {
        "playwright-core": "cli.js"
      },
      "engines": {
        "node": ">=18"
      }
    }
  }
}
